// !$*UTF8*$!
{
	archiveVersion = 1;
	classes = {
	};
	objectVersion = 56;
	objects = {

/* Begin PBXBuildFile section */
		028C683C295DBB3100E3FED1 /* flutter_installerApp.swift in Sources */ = {isa = PBXBuildFile; fileRef = 028C683B295DBB3100E3FED1 /* flutter_installerApp.swift */; };
		028C683E295DBB3100E3FED1 /* ContentView.swift in Sources */ = {isa = PBXBuildFile; fileRef = 028C683D295DBB3100E3FED1 /* ContentView.swift */; };
		028C6840295DBB3300E3FED1 /* Assets.xcassets in Resources */ = {isa = PBXBuildFile; fileRef = 028C683F295DBB3300E3FED1 /* Assets.xcassets */; };
		028C6843295DBB3300E3FED1 /* Preview Assets.xcassets in Resources */ = {isa = PBXBuildFile; fileRef = 028C6842295DBB3300E3FED1 /* Preview Assets.xcassets */; };
		028C684E295DBB3300E3FED1 /* flutter_installerTests.swift in Sources */ = {isa = PBXBuildFile; fileRef = 028C684D295DBB3300E3FED1 /* flutter_installerTests.swift */; };
		028C6858295DBB3400E3FED1 /* flutter_installerUITests.swift in Sources */ = {isa = PBXBuildFile; fileRef = 028C6857295DBB3400E3FED1 /* flutter_installerUITests.swift */; };
		028C685A295DBB3400E3FED1 /* flutter_installerUITestsLaunchTests.swift in Sources */ = {isa = PBXBuildFile; fileRef = 028C6859295DBB3400E3FED1 /* flutter_installerUITestsLaunchTests.swift */; };
/* End PBXBuildFile section */

/* Begin PBXContainerItemProxy section */
		028C684A295DBB3300E3FED1 /* PBXContainerItemProxy */ = {
			isa = PBXContainerItemProxy;
			containerPortal = 028C6830295DBB3100E3FED1 /* Project object */;
			proxyType = 1;
			remoteGlobalIDString = 028C6837295DBB3100E3FED1;
			remoteInfo = "flutter-installer";
		};
		028C6854295DBB3400E3FED1 /* PBXContainerItemProxy */ = {
			isa = PBXContainerItemProxy;
			containerPortal = 028C6830295DBB3100E3FED1 /* Project object */;
			proxyType = 1;
			remoteGlobalIDString = 028C6837295DBB3100E3FED1;
			remoteInfo = "flutter-installer";
		};
/* End PBXContainerItemProxy section */

/* Begin PBXFileReference section */
		028C6838295DBB3100E3FED1 /* flutter-installer.app */ = {isa = PBXFileReference; explicitFileType = wrapper.application; includeInIndex = 0; path = "flutter-installer.app"; sourceTree = BUILT_PRODUCTS_DIR; };
		028C683B295DBB3100E3FED1 /* flutter_installerApp.swift */ = {isa = PBXFileReference; lastKnownFileType = sourcecode.swift; path = flutter_installerApp.swift; sourceTree = "<group>"; };
		028C683D295DBB3100E3FED1 /* ContentView.swift */ = {isa = PBXFileReference; lastKnownFileType = sourcecode.swift; path = ContentView.swift; sourceTree = "<group>"; };
		028C683F295DBB3300E3FED1 /* Assets.xcassets */ = {isa = PBXFileReference; lastKnownFileType = folder.assetcatalog; path = Assets.xcassets; sourceTree = "<group>"; };
		028C6842295DBB3300E3FED1 /* Preview Assets.xcassets */ = {isa = PBXFileReference; lastKnownFileType = folder.assetcatalog; path = "Preview Assets.xcassets"; sourceTree = "<group>"; };
		028C6844295DBB3300E3FED1 /* flutter_installer.entitlements */ = {isa = PBXFileReference; lastKnownFileType = text.plist.entitlements; path = flutter_installer.entitlements; sourceTree = "<group>"; };
		028C6849295DBB3300E3FED1 /* flutter-installerTests.xctest */ = {isa = PBXFileReference; explicitFileType = wrapper.cfbundle; includeInIndex = 0; path = "flutter-installerTests.xctest"; sourceTree = BUILT_PRODUCTS_DIR; };
		028C684D295DBB3300E3FED1 /* flutter_installerTests.swift */ = {isa = PBXFileReference; lastKnownFileType = sourcecode.swift; path = flutter_installerTests.swift; sourceTree = "<group>"; };
		028C6853295DBB3400E3FED1 /* flutter-installerUITests.xctest */ = {isa = PBXFileReference; explicitFileType = wrapper.cfbundle; includeInIndex = 0; path = "flutter-installerUITests.xctest"; sourceTree = BUILT_PRODUCTS_DIR; };
		028C6857295DBB3400E3FED1 /* flutter_installerUITests.swift */ = {isa = PBXFileReference; lastKnownFileType = sourcecode.swift; path = flutter_installerUITests.swift; sourceTree = "<group>"; };
		028C6859295DBB3400E3FED1 /* flutter_installerUITestsLaunchTests.swift */ = {isa = PBXFileReference; lastKnownFileType = sourcecode.swift; path = flutter_installerUITestsLaunchTests.swift; sourceTree = "<group>"; };
/* End PBXFileReference section */

/* Begin PBXFrameworksBuildPhase section */
		028C6835295DBB3100E3FED1 /* Frameworks */ = {
			isa = PBXFrameworksBuildPhase;
			buildActionMask = 2147483647;
			files = (
			);
			runOnlyForDeploymentPostprocessing = 0;
		};
		028C6846295DBB3300E3FED1 /* Frameworks */ = {
			isa = PBXFrameworksBuildPhase;
			buildActionMask = 2147483647;
			files = (
			);
			runOnlyForDeploymentPostprocessing = 0;
		};
		028C6850295DBB3400E3FED1 /* Frameworks */ = {
			isa = PBXFrameworksBuildPhase;
			buildActionMask = 2147483647;
			files = (
			);
			runOnlyForDeploymentPostprocessing = 0;
		};
/* End PBXFrameworksBuildPhase section */

/* Begin PBXGroup section */
		028C682F295DBB3100E3FED1 = {
			isa = PBXGroup;
			children = (
				028C683A295DBB3100E3FED1 /* flutter-installer */,
				028C684C295DBB3300E3FED1 /* flutter-installerTests */,
				028C6856295DBB3400E3FED1 /* flutter-installerUITests */,
				028C6839295DBB3100E3FED1 /* Products */,
			);
			sourceTree = "<group>";
		};
		028C6839295DBB3100E3FED1 /* Products */ = {
			isa = PBXGroup;
			children = (
				028C6838295DBB3100E3FED1 /* flutter-installer.app */,
				028C6849295DBB3300E3FED1 /* flutter-installerTests.xctest */,
				028C6853295DBB3400E3FED1 /* flutter-installerUITests.xctest */,
			);
			name = Products;
			sourceTree = "<group>";
		};
		028C683A295DBB3100E3FED1 /* flutter-installer */ = {
			isa = PBXGroup;
			children = (
				028C683B295DBB3100E3FED1 /* flutter_installerApp.swift */,
				028C683D295DBB3100E3FED1 /* ContentView.swift */,
				028C683F295DBB3300E3FED1 /* Assets.xcassets */,
				028C6844295DBB3300E3FED1 /* flutter_installer.entitlements */,
				028C6841295DBB3300E3FED1 /* Preview Content */,
			);
			path = "flutter-installer";
			sourceTree = "<group>";
		};
		028C6841295DBB3300E3FED1 /* Preview Content */ = {
			isa = PBXGroup;
			children = (
				028C6842295DBB3300E3FED1 /* Preview Assets.xcassets */,
			);
			path = "Preview Content";
			sourceTree = "<group>";
		};
		028C684C295DBB3300E3FED1 /* flutter-installerTests */ = {
			isa = PBXGroup;
			children = (
				028C684D295DBB3300E3FED1 /* flutter_installerTests.swift */,
			);
			path = "flutter-installerTests";
			sourceTree = "<group>";
		};
		028C6856295DBB3400E3FED1 /* flutter-installerUITests */ = {
			isa = PBXGroup;
			children = (
				028C6857295DBB3400E3FED1 /* flutter_installerUITests.swift */,
				028C6859295DBB3400E3FED1 /* flutter_installerUITestsLaunchTests.swift */,
			);
			path = "flutter-installerUITests";
			sourceTree = "<group>";
		};
/* End PBXGroup section */

/* Begin PBXNativeTarget section */
		028C6837295DBB3100E3FED1 /* flutter-installer */ = {
			isa = PBXNativeTarget;
			buildConfigurationList = 028C685D295DBB3400E3FED1 /* Build configuration list for PBXNativeTarget "flutter-installer" */;
			buildPhases = (
				028C6834295DBB3100E3FED1 /* Sources */,
				028C6835295DBB3100E3FED1 /* Frameworks */,
				028C6836295DBB3100E3FED1 /* Resources */,
			);
			buildRules = (
			);
			dependencies = (
			);
			name = "flutter-installer";
			productName = "flutter-installer";
			productReference = 028C6838295DBB3100E3FED1 /* flutter-installer.app */;
			productType = "com.apple.product-type.application";
		};
		028C6848295DBB3300E3FED1 /* flutter-installerTests */ = {
			isa = PBXNativeTarget;
			buildConfigurationList = 028C6860295DBB3400E3FED1 /* Build configuration list for PBXNativeTarget "flutter-installerTests" */;
			buildPhases = (
				028C6845295DBB3300E3FED1 /* Sources */,
				028C6846295DBB3300E3FED1 /* Frameworks */,
				028C6847295DBB3300E3FED1 /* Resources */,
			);
			buildRules = (
			);
			dependencies = (
				028C684B295DBB3300E3FED1 /* PBXTargetDependency */,
			);
			name = "flutter-installerTests";
			productName = "flutter-installerTests";
			productReference = 028C6849295DBB3300E3FED1 /* flutter-installerTests.xctest */;
			productType = "com.apple.product-type.bundle.unit-test";
		};
		028C6852295DBB3400E3FED1 /* flutter-installerUITests */ = {
			isa = PBXNativeTarget;
			buildConfigurationList = 028C6863295DBB3400E3FED1 /* Build configuration list for PBXNativeTarget "flutter-installerUITests" */;
			buildPhases = (
				028C684F295DBB3400E3FED1 /* Sources */,
				028C6850295DBB3400E3FED1 /* Frameworks */,
				028C6851295DBB3400E3FED1 /* Resources */,
			);
			buildRules = (
			);
			dependencies = (
				028C6855295DBB3400E3FED1 /* PBXTargetDependency */,
			);
			name = "flutter-installerUITests";
			productName = "flutter-installerUITests";
			productReference = 028C6853295DBB3400E3FED1 /* flutter-installerUITests.xctest */;
			productType = "com.apple.product-type.bundle.ui-testing";
		};
/* End PBXNativeTarget section */

/* Begin PBXProject section */
		028C6830295DBB3100E3FED1 /* Project object */ = {
			isa = PBXProject;
			attributes = {
				BuildIndependentTargetsInParallel = 1;
				LastSwiftUpdateCheck = 1420;
				LastUpgradeCheck = 1420;
				TargetAttributes = {
					028C6837295DBB3100E3FED1 = {
						CreatedOnToolsVersion = 14.2;
					};
					028C6848295DBB3300E3FED1 = {
						CreatedOnToolsVersion = 14.2;
						TestTargetID = 028C6837295DBB3100E3FED1;
					};
					028C6852295DBB3400E3FED1 = {
						CreatedOnToolsVersion = 14.2;
						TestTargetID = 028C6837295DBB3100E3FED1;
					};
				};
			};
			buildConfigurationList = 028C6833295DBB3100E3FED1 /* Build configuration list for PBXProject "flutter-installer" */;
			compatibilityVersion = "Xcode 14.0";
			developmentRegion = en;
			hasScannedForEncodings = 0;
			knownRegions = (
				en,
				Base,
			);
			mainGroup = 028C682F295DBB3100E3FED1;
			productRefGroup = 028C6839295DBB3100E3FED1 /* Products */;
			projectDirPath = "";
			projectRoot = "";
			targets = (
				028C6837295DBB3100E3FED1 /* flutter-installer */,
				028C6848295DBB3300E3FED1 /* flutter-installerTests */,
				028C6852295DBB3400E3FED1 /* flutter-installerUITests */,
			);
		};
/* End PBXProject section */

/* Begin PBXResourcesBuildPhase section */
		028C6836295DBB3100E3FED1 /* Resources */ = {
			isa = PBXResourcesBuildPhase;
			buildActionMask = 2147483647;
			files = (
				028C6843295DBB3300E3FED1 /* Preview Assets.xcassets in Resources */,
				028C6840295DBB3300E3FED1 /* Assets.xcassets in Resources */,
			);
			runOnlyForDeploymentPostprocessing = 0;
		};
		028C6847295DBB3300E3FED1 /* Resources */ = {
			isa = PBXResourcesBuildPhase;
			buildActionMask = 2147483647;
			files = (
			);
			runOnlyForDeploymentPostprocessing = 0;
		};
		028C6851295DBB3400E3FED1 /* Resources */ = {
			isa = PBXResourcesBuildPhase;
			buildActionMask = 2147483647;
			files = (
			);
			runOnlyForDeploymentPostprocessing = 0;
		};
/* End PBXResourcesBuildPhase section */

/* Begin PBXSourcesBuildPhase section */
		028C6834295DBB3100E3FED1 /* Sources */ = {
			isa = PBXSourcesBuildPhase;
			buildActionMask = 2147483647;
			files = (
				028C683E295DBB3100E3FED1 /* ContentView.swift in Sources */,
				028C683C295DBB3100E3FED1 /* flutter_installerApp.swift in Sources */,
			);
			runOnlyForDeploymentPostprocessing = 0;
		};
		028C6845295DBB3300E3FED1 /* Sources */ = {
			isa = PBXSourcesBuildPhase;
			buildActionMask = 2147483647;
			files = (
				028C684E295DBB3300E3FED1 /* flutter_installerTests.swift in Sources */,
			);
			runOnlyForDeploymentPostprocessing = 0;
		};
		028C684F295DBB3400E3FED1 /* Sources */ = {
			isa = PBXSourcesBuildPhase;
			buildActionMask = 2147483647;
			files = (
				028C685A295DBB3400E3FED1 /* flutter_installerUITestsLaunchTests.swift in Sources */,
				028C6858295DBB3400E3FED1 /* flutter_installerUITests.swift in Sources */,
			);
			runOnlyForDeploymentPostprocessing = 0;
		};
/* End PBXSourcesBuildPhase section */

/* Begin PBXTargetDependency section */
		028C684B295DBB3300E3FED1 /* PBXTargetDependency */ = {
			isa = PBXTargetDependency;
			target = 028C6837295DBB3100E3FED1 /* flutter-installer */;
			targetProxy = 028C684A295DBB3300E3FED1 /* PBXContainerItemProxy */;
		};
		028C6855295DBB3400E3FED1 /* PBXTargetDependency */ = {
			isa = PBXTargetDependency;
			target = 028C6837295DBB3100E3FED1 /* flutter-installer */;
			targetProxy = 028C6854295DBB3400E3FED1 /* PBXContainerItemProxy */;
		};
/* End PBXTargetDependency section */

/* Begin XCBuildConfiguration section */
		028C685B295DBB3400E3FED1 /* Debug */ = {
			isa = XCBuildConfiguration;
			buildSettings = {
				ALWAYS_SEARCH_USER_PATHS = NO;
				CLANG_ANALYZER_NONNULL = YES;
				CLANG_ANALYZER_NUMBER_OBJECT_CONVERSION = YES_AGGRESSIVE;
				CLANG_CXX_LANGUAGE_STANDARD = "gnu++20";
				CLANG_ENABLE_MODULES = YES;
				CLANG_ENABLE_OBJC_ARC = YES;
				CLANG_ENABLE_OBJC_WEAK = YES;
				CLANG_WARN_BLOCK_CAPTURE_AUTORELEASING = YES;
				CLANG_WARN_BOOL_CONVERSION = YES;
				CLANG_WARN_COMMA = YES;
				CLANG_WARN_CONSTANT_CONVERSION = YES;
				CLANG_WARN_DEPRECATED_OBJC_IMPLEMENTATIONS = YES;
				CLANG_WARN_DIRECT_OBJC_ISA_USAGE = YES_ERROR;
				CLANG_WARN_DOCUMENTATION_COMMENTS = YES;
				CLANG_WARN_EMPTY_BODY = YES;
				CLANG_WARN_ENUM_CONVERSION = YES;
				CLANG_WARN_INFINITE_RECURSION = YES;
				CLANG_WARN_INT_CONVERSION = YES;
				CLANG_WARN_NON_LITERAL_NULL_CONVERSION = YES;
				CLANG_WARN_OBJC_IMPLICIT_RETAIN_SELF = YES;
				CLANG_WARN_OBJC_LITERAL_CONVERSION = YES;
				CLANG_WARN_OBJC_ROOT_CLASS = YES_ERROR;
				CLANG_WARN_QUOTED_INCLUDE_IN_FRAMEWORK_HEADER = YES;
				CLANG_WARN_RANGE_LOOP_ANALYSIS = YES;
				CLANG_WARN_STRICT_PROTOTYPES = YES;
				CLANG_WARN_SUSPICIOUS_MOVE = YES;
				CLANG_WARN_UNGUARDED_AVAILABILITY = YES_AGGRESSIVE;
				CLANG_WARN_UNREACHABLE_CODE = YES;
				CLANG_WARN__DUPLICATE_METHOD_MATCH = YES;
				COPY_PHASE_STRIP = NO;
				DEBUG_INFORMATION_FORMAT = dwarf;
				ENABLE_STRICT_OBJC_MSGSEND = YES;
				ENABLE_TESTABILITY = YES;
				GCC_C_LANGUAGE_STANDARD = gnu11;
				GCC_DYNAMIC_NO_PIC = NO;
				GCC_NO_COMMON_BLOCKS = YES;
				GCC_OPTIMIZATION_LEVEL = 0;
				GCC_PREPROCESSOR_DEFINITIONS = (
					"DEBUG=1",
					"$(inherited)",
				);
				GCC_WARN_64_TO_32_BIT_CONVERSION = YES;
				GCC_WARN_ABOUT_RETURN_TYPE = YES_ERROR;
				GCC_WARN_UNDECLARED_SELECTOR = YES;
				GCC_WARN_UNINITIALIZED_AUTOS = YES_AGGRESSIVE;
				GCC_WARN_UNUSED_FUNCTION = YES;
				GCC_WARN_UNUSED_VARIABLE = YES;
				MACOSX_DEPLOYMENT_TARGET = 12.6;
				MTL_ENABLE_DEBUG_INFO = INCLUDE_SOURCE;
				MTL_FAST_MATH = YES;
				ONLY_ACTIVE_ARCH = YES;
				SDKROOT = macosx;
				SWIFT_ACTIVE_COMPILATION_CONDITIONS = DEBUG;
				SWIFT_OPTIMIZATION_LEVEL = "-Onone";
			};
			name = Debug;
		};
		028C685C295DBB3400E3FED1 /* Release */ = {
			isa = XCBuildConfiguration;
			buildSettings = {
				ALWAYS_SEARCH_USER_PATHS = NO;
				CLANG_ANALYZER_NONNULL = YES;
				CLANG_ANALYZER_NUMBER_OBJECT_CONVERSION = YES_AGGRESSIVE;
				CLANG_CXX_LANGUAGE_STANDARD = "gnu++20";
				CLANG_ENABLE_MODULES = YES;
				CLANG_ENABLE_OBJC_ARC = YES;
				CLANG_ENABLE_OBJC_WEAK = YES;
				CLANG_WARN_BLOCK_CAPTURE_AUTORELEASING = YES;
				CLANG_WARN_BOOL_CONVERSION = YES;
				CLANG_WARN_COMMA = YES;
				CLANG_WARN_CONSTANT_CONVERSION = YES;
				CLANG_WARN_DEPRECATED_OBJC_IMPLEMENTATIONS = YES;
				CLANG_WARN_DIRECT_OBJC_ISA_USAGE = YES_ERROR;
				CLANG_WARN_DOCUMENTATION_COMMENTS = YES;
				CLANG_WARN_EMPTY_BODY = YES;
				CLANG_WARN_ENUM_CONVERSION = YES;
				CLANG_WARN_INFINITE_RECURSION = YES;
				CLANG_WARN_INT_CONVERSION = YES;
				CLANG_WARN_NON_LITERAL_NULL_CONVERSION = YES;
				CLANG_WARN_OBJC_IMPLICIT_RETAIN_SELF = YES;
				CLANG_WARN_OBJC_LITERAL_CONVERSION = YES;
				CLANG_WARN_OBJC_ROOT_CLASS = YES_ERROR;
				CLANG_WARN_QUOTED_INCLUDE_IN_FRAMEWORK_HEADER = YES;
				CLANG_WARN_RANGE_LOOP_ANALYSIS = YES;
				CLANG_WARN_STRICT_PROTOTYPES = YES;
				CLANG_WARN_SUSPICIOUS_MOVE = YES;
				CLANG_WARN_UNGUARDED_AVAILABILITY = YES_AGGRESSIVE;
				CLANG_WARN_UNREACHABLE_CODE = YES;
				CLANG_WARN__DUPLICATE_METHOD_MATCH = YES;
				COPY_PHASE_STRIP = NO;
				DEBUG_INFORMATION_FORMAT = "dwarf-with-dsym";
				ENABLE_NS_ASSERTIONS = NO;
				ENABLE_STRICT_OBJC_MSGSEND = YES;
				GCC_C_LANGUAGE_STANDARD = gnu11;
				GCC_NO_COMMON_BLOCKS = YES;
				GCC_WARN_64_TO_32_BIT_CONVERSION = YES;
				GCC_WARN_ABOUT_RETURN_TYPE = YES_ERROR;
				GCC_WARN_UNDECLARED_SELECTOR = YES;
				GCC_WARN_UNINITIALIZED_AUTOS = YES_AGGRESSIVE;
				GCC_WARN_UNUSED_FUNCTION = YES;
				GCC_WARN_UNUSED_VARIABLE = YES;
				MACOSX_DEPLOYMENT_TARGET = 12.6;
				MTL_ENABLE_DEBUG_INFO = NO;
				MTL_FAST_MATH = YES;
				SDKROOT = macosx;
				SWIFT_COMPILATION_MODE = wholemodule;
				SWIFT_OPTIMIZATION_LEVEL = "-O";
			};
			name = Release;
		};
		028C685E295DBB3400E3FED1 /* Debug */ = {
			isa = XCBuildConfiguration;
			buildSettings = {
				ASSETCATALOG_COMPILER_APPICON_NAME = AppIcon;
				ASSETCATALOG_COMPILER_GLOBAL_ACCENT_COLOR_NAME = AccentColor;
				CODE_SIGN_ENTITLEMENTS = "flutter-installer/flutter_installer.entitlements";
				CODE_SIGN_STYLE = Automatic;
				COMBINE_HIDPI_IMAGES = YES;
				CURRENT_PROJECT_VERSION = 1;
				DEVELOPMENT_ASSET_PATHS = "\"flutter-installer/Preview Content\"";
				DEVELOPMENT_TEAM = A2JKADPAG3;
				ENABLE_HARDENED_RUNTIME = YES;
				ENABLE_PREVIEWS = YES;
				GENERATE_INFOPLIST_FILE = YES;
				INFOPLIST_KEY_NSHumanReadableCopyright = "";
				LD_RUNPATH_SEARCH_PATHS = (
					"$(inherited)",
					"@executable_path/../Frameworks",
				);
				MARKETING_VERSION = 1.0;
				PRODUCT_BUNDLE_IDENTIFIER = "aaalgieee.flutter-installer";
				PRODUCT_NAME = "$(TARGET_NAME)";
				SWIFT_EMIT_LOC_STRINGS = YES;
				SWIFT_VERSION = 5.0;
			};
			name = Debug;
		};
		028C685F295DBB3400E3FED1 /* Release */ = {
			isa = XCBuildConfiguration;
			buildSettings = {
				ASSETCATALOG_COMPILER_APPICON_NAME = AppIcon;
				ASSETCATALOG_COMPILER_GLOBAL_ACCENT_COLOR_NAME = AccentColor;
				CODE_SIGN_ENTITLEMENTS = "flutter-installer/flutter_installer.entitlements";
				CODE_SIGN_STYLE = Automatic;
				COMBINE_HIDPI_IMAGES = YES;
				CURRENT_PROJECT_VERSION = 1;
				DEVELOPMENT_ASSET_PATHS = "\"flutter-installer/Preview Content\"";
				DEVELOPMENT_TEAM = A2JKADPAG3;
				ENABLE_HARDENED_RUNTIME = YES;
				ENABLE_PREVIEWS = YES;
				GENERATE_INFOPLIST_FILE = YES;
				INFOPLIST_KEY_NSHumanReadableCopyright = "";
				LD_RUNPATH_SEARCH_PATHS = (
					"$(inherited)",
					"@executable_path/../Frameworks",
				);
				MARKETING_VERSION = 1.0;
				PRODUCT_BUNDLE_IDENTIFIER = "aaalgieee.flutter-installer";
				PRODUCT_NAME = "$(TARGET_NAME)";
				SWIFT_EMIT_LOC_STRINGS = YES;
				SWIFT_VERSION = 5.0;
			};
			name = Release;
		};
		028C6861295DBB3400E3FED1 /* Debug */ = {
			isa = XCBuildConfiguration;
			buildSettings = {
				ALWAYS_EMBED_SWIFT_STANDARD_LIBRARIES = YES;
				BUNDLE_LOADER = "$(TEST_HOST)";
				CODE_SIGN_STYLE = Automatic;
				CURRENT_PROJECT_VERSION = 1;
				DEVELOPMENT_TEAM = A2JKADPAG3;
				GENERATE_INFOPLIST_FILE = YES;
				MACOSX_DEPLOYMENT_TARGET = 12.6;
				MARKETING_VERSION = 1.0;
				PRODUCT_BUNDLE_IDENTIFIER = "aaalgieee.flutter-installerTests";
				PRODUCT_NAME = "$(TARGET_NAME)";
				SWIFT_EMIT_LOC_STRINGS = NO;
				SWIFT_VERSION = 5.0;
				TEST_HOST = "$(BUILT_PRODUCTS_DIR)/flutter-installer.app/$(BUNDLE_EXECUTABLE_FOLDER_PATH)/flutter-installer";
			};
			name = Debug;
		};
		028C6862295DBB3400E3FED1 /* Release */ = {
			isa = XCBuildConfiguration;
			buildSettings = {
				ALWAYS_EMBED_SWIFT_STANDARD_LIBRARIES = YES;
				BUNDLE_LOADER = "$(TEST_HOST)";
				CODE_SIGN_STYLE = Automatic;
				CURRENT_PROJECT_VERSION = 1;
				DEVELOPMENT_TEAM = A2JKADPAG3;
				GENERATE_INFOPLIST_FILE = YES;
				MACOSX_DEPLOYMENT_TARGET = 12.6;
				MARKETING_VERSION = 1.0;
				PRODUCT_BUNDLE_IDENTIFIER = "aaalgieee.flutter-installerTests";
				PRODUCT_NAME = "$(TARGET_NAME)";
				SWIFT_EMIT_LOC_STRINGS = NO;
				SWIFT_VERSION = 5.0;
				TEST_HOST = "$(BUILT_PRODUCTS_DIR)/flutter-installer.app/$(BUNDLE_EXECUTABLE_FOLDER_PATH)/flutter-installer";
			};
			name = Release;
		};
		028C6864295DBB3400E3FED1 /* Debug */ = {
			isa = XCBuildConfiguration;
			buildSettings = {
				ALWAYS_EMBED_SWIFT_STANDARD_LIBRARIES = YES;
				CODE_SIGN_STYLE = Automatic;
				CURRENT_PROJECT_VERSION = 1;
				DEVELOPMENT_TEAM = A2JKADPAG3;
				GENERATE_INFOPLIST_FILE = YES;
				MARKETING_VERSION = 1.0;
				PRODUCT_BUNDLE_IDENTIFIER = "aaalgieee.flutter-installerUITests";
				PRODUCT_NAME = "$(TARGET_NAME)";
				SWIFT_EMIT_LOC_STRINGS = NO;
				SWIFT_VERSION = 5.0;
				TEST_TARGET_NAME = "flutter-installer";
			};
			name = Debug;
		};
		028C6865295DBB3400E3FED1 /* Release */ = {
			isa = XCBuildConfiguration;
			buildSettings = {
				ALWAYS_EMBED_SWIFT_STANDARD_LIBRARIES = YES;
				CODE_SIGN_STYLE = Automatic;
				CURRENT_PROJECT_VERSION = 1;
				DEVELOPMENT_TEAM = A2JKADPAG3;
				GENERATE_INFOPLIST_FILE = YES;
				MARKETING_VERSION = 1.0;
				PRODUCT_BUNDLE_IDENTIFIER = "aaalgieee.flutter-installerUITests";
				PRODUCT_NAME = "$(TARGET_NAME)";
				SWIFT_EMIT_LOC_STRINGS = NO;
				SWIFT_VERSION = 5.0;
				TEST_TARGET_NAME = "flutter-installer";
			};
			name = Release;
		};
/* End XCBuildConfiguration section */

/* Begin XCConfigurationList section */
		028C6833295DBB3100E3FED1 /* Build configuration list for PBXProject "flutter-installer" */ = {
			isa = XCConfigurationList;
			buildConfigurations = (
				028C685B295DBB3400E3FED1 /* Debug */,
				028C685C295DBB3400E3FED1 /* Release */,
			);
			defaultConfigurationIsVisible = 0;
			defaultConfigurationName = Release;
		};
		028C685D295DBB3400E3FED1 /* Build configuration list for PBXNativeTarget "flutter-installer" */ = {
			isa = XCConfigurationList;
			buildConfigurations = (
				028C685E295DBB3400E3FED1 /* Debug */,
				028C685F295DBB3400E3FED1 /* Release */,
			);
			defaultConfigurationIsVisible = 0;
			defaultConfigurationName = Release;
		};
		028C6860295DBB3400E3FED1 /* Build configuration list for PBXNativeTarget "flutter-installerTests" */ = {
			isa = XCConfigurationList;
			buildConfigurations = (
				028C6861295DBB3400E3FED1 /* Debug */,
				028C6862295DBB3400E3FED1 /* Release */,
			);
			defaultConfigurationIsVisible = 0;
			defaultConfigurationName = Release;
		};
		028C6863295DBB3400E3FED1 /* Build configuration list for PBXNativeTarget "flutter-installerUITests" */ = {
			isa = XCConfigurationList;
			buildConfigurations = (
				028C6864295DBB3400E3FED1 /* Debug */,
				028C6865295DBB3400E3FED1 /* Release */,
			);
			defaultConfigurationIsVisible = 0;
			defaultConfigurationName = Release;
		};
/* End XCConfigurationList section */
	};
	rootObject = 028C6830295DBB3100E3FED1 /* Project object */;
}
